github.com/chenxingqiang/go-floatx v0.0.0-20240103165049-2f5e300cb3c3 h1:2m11dpwbI3ccPgDbAbJ8X6fonuzsi54n70duaraoLn8=
github.com/chenxingqiang/go-floatx v0.0.0-20240103165049-2f5e300cb3c3/go.mod h1:7v935pWqAb/hfUDQyVXq8eXUoXWa7Mub1xEuRbtTFWE=
github.com/chewxy/math32 v1.10.1 h1:LFpeY0SLJXeaiej/eIp2L40VYfscTvKh/FSEZ68uMkU=
github.com/chewxy/math32 v1.10.1/go.mod h1:dOB2rcuFrCn6UHrze36WSLVPKtzPMRAQvBvUwkSsLqs=
github.com/kshard/float8 v0.0.3 h1:wMmj/dbbwA8aKo+gZ8SS6MhjuXS9+yXYMlaJZfm77l0=
github.com/kshard/float8 v0.0.3/go.mod h1:PnQWQ36EkMym5ulAnfCcpgOzbMeyyq90xsCcosTHJ5E=
github.com/shogo82148/float128 v0.3.0 h1:uo4rzg648u/HOg33qw09JMdoB0i0uE1UogVwaFNLKI4=
github.com/shogo82148/float128 v0.3.0/go.mod h1:M5KO1K4G2ZeABzjd8jD+gNddbZnNsi2sLn/v467I+IE=
github.com/shogo82148/int128 v0.2.1 h1:50PGsQvKqSwCco7vv/V+bwUU68wwDf0+QzP2+dE3HdA=
github.com/shogo82148/int128 v0.2.1/go.mod h1:piOmnBaUvAz9m7x71/YcU8HgDQTw81u8brBwWzOxtI4=
github.com/x448/float16 v0.8.4 h1:qLwI1I70+NjRFUR3zs1JPUCgaCXSh3SW62uAKT1mSBM=
github.com/x448/float16 v0.8.4/go.mod h1:14CWIYCyZA/cWjXOioeEpHeN/83MdbZDRQHoFcYsOfg=
